// !$*UTF8*$!
{
	archiveVersion = 1;
	classes = {
	};
	objectVersion = 46;
	objects = {

/* Begin PBXBuildFile section */
		5E03389D1F62B9A600C4D878 /* AppDelegate.swift in Sources */ = {isa = PBXBuildFile; fileRef = 5E03389C1F62B9A600C4D878 /* AppDelegate.swift */; };
		5E03389F1F62B9A600C4D878 /* ViewController.swift in Sources */ = {isa = PBXBuildFile; fileRef = 5E03389E1F62B9A600C4D878 /* ViewController.swift */; };
		5E0338A21F62B9A600C4D878 /* Main.storyboard in Resources */ = {isa = PBXBuildFile; fileRef = 5E0338A01F62B9A600C4D878 /* Main.storyboard */; };
		5E0338A41F62B9A600C4D878 /* Assets.xcassets in Resources */ = {isa = PBXBuildFile; fileRef = 5E0338A31F62B9A600C4D878 /* Assets.xcassets */; };
		5E0338A71F62B9A600C4D878 /* LaunchScreen.storyboard in Resources */ = {isa = PBXBuildFile; fileRef = 5E0338A51F62B9A600C4D878 /* LaunchScreen.storyboard */; };
		5E0338B21F62B9A600C4D878 /* MentorBookTests.swift in Sources */ = {isa = PBXBuildFile; fileRef = 5E0338B11F62B9A600C4D878 /* MentorBookTests.swift */; };
		5E0338BD1F62B9A600C4D878 /* MentorBookUITests.swift in Sources */ = {isa = PBXBuildFile; fileRef = 5E0338BC1F62B9A600C4D878 /* MentorBookUITests.swift */; };
		5E0338CE1F62BA4400C4D878 /* aguri.jpg in Resources */ = {isa = PBXBuildFile; fileRef = 5E0338CB1F62BA4400C4D878 /* aguri.jpg */; };
		5E0338CF1F62BA4400C4D878 /* hashio.JPG in Resources */ = {isa = PBXBuildFile; fileRef = 5E0338CC1F62BA4400C4D878 /* hashio.JPG */; };
		5E0338D01F62BA4400C4D878 /* taithi.JPG in Resources */ = {isa = PBXBuildFile; fileRef = 5E0338CD1F62BA4400C4D878 /* taithi.JPG */; };
		5E0338D21F62BDEE00C4D878 /* Mentor.swift in Sources */ = {isa = PBXBuildFile; fileRef = 5E0338D11F62BDEE00C4D878 /* Mentor.swift */; };
/* End PBXBuildFile section */

/* Begin PBXContainerItemProxy section */
		5E0338AE1F62B9A600C4D878 /* PBXContainerItemProxy */ = {
			isa = PBXContainerItemProxy;
			containerPortal = 5E0338911F62B9A600C4D878 /* Project object */;
			proxyType = 1;
			remoteGlobalIDString = 5E0338981F62B9A600C4D878;
			remoteInfo = MentorBook;
		};
		5E0338B91F62B9A600C4D878 /* PBXContainerItemProxy */ = {
			isa = PBXContainerItemProxy;
			containerPortal = 5E0338911F62B9A600C4D878 /* Project object */;
			proxyType = 1;
			remoteGlobalIDString = 5E0338981F62B9A600C4D878;
			remoteInfo = MentorBook;
		};
/* End PBXContainerItemProxy section */

/* Begin PBXFileReference section */
		5E0338991F62B9A600C4D878 /* MentorBook.app */ = {isa = PBXFileReference; explicitFileType = wrapper.application; includeInIndex = 0; path = MentorBook.app; sourceTree = BUILT_PRODUCTS_DIR; };
		5E03389C1F62B9A600C4D878 /* AppDelegate.swift */ = {isa = PBXFileReference; lastKnownFileType = sourcecode.swift; path = AppDelegate.swift; sourceTree = "<group>"; };
		5E03389E1F62B9A600C4D878 /* ViewController.swift */ = {isa = PBXFileReference; lastKnownFileType = sourcecode.swift; path = ViewController.swift; sourceTree = "<group>"; };
		5E0338A11F62B9A600C4D878 /* Base */ = {isa = PBXFileReference; lastKnownFileType = file.storyboard; name = Base; path = Base.lproj/Main.storyboard; sourceTree = "<group>"; };
		5E0338A31F62B9A600C4D878 /* Assets.xcassets */ = {isa = PBXFileReference; lastKnownFileType = folder.assetcatalog; path = Assets.xcassets; sourceTree = "<group>"; };
		5E0338A61F62B9A600C4D878 /* Base */ = {isa = PBXFileReference; lastKnownFileType = file.storyboard; name = Base; path = Base.lproj/LaunchScreen.storyboard; sourceTree = "<group>"; };
		5E0338A81F62B9A600C4D878 /* Info.plist */ = {isa = PBXFileReference; lastKnownFileType = text.plist.xml; path = Info.plist; sourceTree = "<group>"; };
		5E0338AD1F62B9A600C4D878 /* MentorBookTests.xctest */ = {isa = PBXFileReference; explicitFileType = wrapper.cfbundle; includeInIndex = 0; path = MentorBookTests.xctest; sourceTree = BUILT_PRODUCTS_DIR; };
		5E0338B11F62B9A600C4D878 /* MentorBookTests.swift */ = {isa = PBXFileReference; lastKnownFileType = sourcecode.swift; path = MentorBookTests.swift; sourceTree = "<group>"; };
		5E0338B31F62B9A600C4D878 /* Info.plist */ = {isa = PBXFileReference; lastKnownFileType = text.plist.xml; path = Info.plist; sourceTree = "<group>"; };
		5E0338B81F62B9A600C4D878 /* MentorBookUITests.xctest */ = {isa = PBXFileReference; explicitFileType = wrapper.cfbundle; includeInIndex = 0; path = MentorBookUITests.xctest; sourceTree = BUILT_PRODUCTS_DIR; };
		5E0338BC1F62B9A600C4D878 /* MentorBookUITests.swift */ = {isa = PBXFileReference; lastKnownFileType = sourcecode.swift; path = MentorBookUITests.swift; sourceTree = "<group>"; };
		5E0338BE1F62B9A600C4D878 /* Info.plist */ = {isa = PBXFileReference; lastKnownFileType = text.plist.xml; path = Info.plist; sourceTree = "<group>"; };
		5E0338CB1F62BA4400C4D878 /* aguri.jpg */ = {isa = PBXFileReference; lastKnownFileType = image.jpeg; path = aguri.jpg; sourceTree = "<group>"; };
		5E0338CC1F62BA4400C4D878 /* hashio.JPG */ = {isa = PBXFileReference; lastKnownFileType = image.jpeg; path = hashio.JPG; sourceTree = "<group>"; };
		5E0338CD1F62BA4400C4D878 /* taithi.JPG */ = {isa = PBXFileReference; lastKnownFileType = image.jpeg; path = taithi.JPG; sourceTree = "<group>"; };
		5E0338D11F62BDEE00C4D878 /* Mentor.swift */ = {isa = PBXFileReference; fileEncoding = 4; lastKnownFileType = sourcecode.swift; path = Mentor.swift; sourceTree = "<group>"; };
/* End PBXFileReference section */

/* Begin PBXFrameworksBuildPhase section */
		5E0338961F62B9A600C4D878 /* Frameworks */ = {
			isa = PBXFrameworksBuildPhase;
			buildActionMask = 2147483647;
			files = (
			);
			runOnlyForDeploymentPostprocessing = 0;
		};
		5E0338AA1F62B9A600C4D878 /* Frameworks */ = {
			isa = PBXFrameworksBuildPhase;
			buildActionMask = 2147483647;
			files = (
			);
			runOnlyForDeploymentPostprocessing = 0;
		};
		5E0338B51F62B9A600C4D878 /* Frameworks */ = {
			isa = PBXFrameworksBuildPhase;
			buildActionMask = 2147483647;
			files = (
			);
			runOnlyForDeploymentPostprocessing = 0;
		};
/* End PBXFrameworksBuildPhase section */

/* Begin PBXGroup section */
		5E0338901F62B9A600C4D878 = {
			isa = PBXGroup;
			children = (
				5E03389B1F62B9A600C4D878 /* MentorBook */,
				5E0338B01F62B9A600C4D878 /* MentorBookTests */,
				5E0338BB1F62B9A600C4D878 /* MentorBookUITests */,
				5E03389A1F62B9A600C4D878 /* Products */,
			);
			sourceTree = "<group>";
		};
		5E03389A1F62B9A600C4D878 /* Products */ = {
			isa = PBXGroup;
			children = (
				5E0338991F62B9A600C4D878 /* MentorBook.app */,
				5E0338AD1F62B9A600C4D878 /* MentorBookTests.xctest */,
				5E0338B81F62B9A600C4D878 /* MentorBookUITests.xctest */,
			);
			name = Products;
			sourceTree = "<group>";
		};
		5E03389B1F62B9A600C4D878 /* MentorBook */ = {
			isa = PBXGroup;
			children = (
				5E0338CA1F62BA4400C4D878 /* images */,
				5E03389C1F62B9A600C4D878 /* AppDelegate.swift */,
				5E03389E1F62B9A600C4D878 /* ViewController.swift */,
				5E0338D11F62BDEE00C4D878 /* Mentor.swift */,
				5E0338A01F62B9A600C4D878 /* Main.storyboard */,
				5E0338A31F62B9A600C4D878 /* Assets.xcassets */,
				5E0338A51F62B9A600C4D878 /* LaunchScreen.storyboard */,
				5E0338A81F62B9A600C4D878 /* Info.plist */,
			);
			path = MentorBook;
			sourceTree = "<group>";
		};
		5E0338B01F62B9A600C4D878 /* MentorBookTests */ = {
			isa = PBXGroup;
			children = (
				5E0338B11F62B9A600C4D878 /* MentorBookTests.swift */,
				5E0338B31F62B9A600C4D878 /* Info.plist */,
			);
			path = MentorBookTests;
			sourceTree = "<group>";
		};
		5E0338BB1F62B9A600C4D878 /* MentorBookUITests */ = {
			isa = PBXGroup;
			children = (
				5E0338BC1F62B9A600C4D878 /* MentorBookUITests.swift */,
				5E0338BE1F62B9A600C4D878 /* Info.plist */,
			);
			path = MentorBookUITests;
			sourceTree = "<group>";
		};
		5E0338CA1F62BA4400C4D878 /* images */ = {
			isa = PBXGroup;
			children = (
				5E0338CB1F62BA4400C4D878 /* aguri.jpg */,
				5E0338CC1F62BA4400C4D878 /* hashio.JPG */,
				5E0338CD1F62BA4400C4D878 /* taithi.JPG */,
			);
			path = images;
			sourceTree = "<group>";
		};
/* End PBXGroup section */

/* Begin PBXNativeTarget section */
		5E0338981F62B9A600C4D878 /* MentorBook */ = {
			isa = PBXNativeTarget;
			buildConfigurationList = 5E0338C11F62B9A600C4D878 /* Build configuration list for PBXNativeTarget "MentorBook" */;
			buildPhases = (
				5E0338951F62B9A600C4D878 /* Sources */,
				5E0338961F62B9A600C4D878 /* Frameworks */,
				5E0338971F62B9A600C4D878 /* Resources */,
			);
			buildRules = (
			);
			dependencies = (
			);
			name = MentorBook;
			productName = MentorBook;
			productReference = 5E0338991F62B9A600C4D878 /* MentorBook.app */;
			productType = "com.apple.product-type.application";
		};
		5E0338AC1F62B9A600C4D878 /* MentorBookTests */ = {
			isa = PBXNativeTarget;
			buildConfigurationList = 5E0338C41F62B9A600C4D878 /* Build configuration list for PBXNativeTarget "MentorBookTests" */;
			buildPhases = (
				5E0338A91F62B9A600C4D878 /* Sources */,
				5E0338AA1F62B9A600C4D878 /* Frameworks */,
				5E0338AB1F62B9A600C4D878 /* Resources */,
			);
			buildRules = (
			);
			dependencies = (
				5E0338AF1F62B9A600C4D878 /* PBXTargetDependency */,
			);
			name = MentorBookTests;
			productName = MentorBookTests;
			productReference = 5E0338AD1F62B9A600C4D878 /* MentorBookTests.xctest */;
			productType = "com.apple.product-type.bundle.unit-test";
		};
		5E0338B71F62B9A600C4D878 /* MentorBookUITests */ = {
			isa = PBXNativeTarget;
			buildConfigurationList = 5E0338C71F62B9A600C4D878 /* Build configuration list for PBXNativeTarget "MentorBookUITests" */;
			buildPhases = (
				5E0338B41F62B9A600C4D878 /* Sources */,
				5E0338B51F62B9A600C4D878 /* Frameworks */,
				5E0338B61F62B9A600C4D878 /* Resources */,
			);
			buildRules = (
			);
			dependencies = (
				5E0338BA1F62B9A600C4D878 /* PBXTargetDependency */,
			);
			name = MentorBookUITests;
			productName = MentorBookUITests;
			productReference = 5E0338B81F62B9A600C4D878 /* MentorBookUITests.xctest */;
			productType = "com.apple.product-type.bundle.ui-testing";
		};
/* End PBXNativeTarget section */

/* Begin PBXProject section */
		5E0338911F62B9A600C4D878 /* Project object */ = {
			isa = PBXProject;
			attributes = {
				LastSwiftUpdateCheck = 0820;
				LastUpgradeCheck = 0820;
				ORGANIZATIONNAME = "小西夏穂";
				TargetAttributes = {
					5E0338981F62B9A600C4D878 = {
						CreatedOnToolsVersion = 8.2.1;
						ProvisioningStyle = Automatic;
					};
					5E0338AC1F62B9A600C4D878 = {
						CreatedOnToolsVersion = 8.2.1;
						ProvisioningStyle = Automatic;
						TestTargetID = 5E0338981F62B9A600C4D878;
					};
					5E0338B71F62B9A600C4D878 = {
						CreatedOnToolsVersion = 8.2.1;
						ProvisioningStyle = Automatic;
						TestTargetID = 5E0338981F62B9A600C4D878;
					};
				};
			};
			buildConfigurationList = 5E0338941F62B9A600C4D878 /* Build configuration list for PBXProject "MentorBook" */;
			compatibilityVersion = "Xcode 3.2";
			developmentRegion = English;
			hasScannedForEncodings = 0;
			knownRegions = (
				en,
				Base,
			);
			mainGroup = 5E0338901F62B9A600C4D878;
			productRefGroup = 5E03389A1F62B9A600C4D878 /* Products */;
			projectDirPath = "";
			projectRoot = "";
			targets = (
				5E0338981F62B9A600C4D878 /* MentorBook */,
				5E0338AC1F62B9A600C4D878 /* MentorBookTests */,
				5E0338B71F62B9A600C4D878 /* MentorBookUITests */,
			);
		};
/* End PBXProject section */

/* Begin PBXResourcesBuildPhase section */
		5E0338971F62B9A600C4D878 /* Resources */ = {
			isa = PBXResourcesBuildPhase;
			buildActionMask = 2147483647;
			files = (
				5E0338CE1F62BA4400C4D878 /* aguri.jpg in Resources */,
				5E0338A71F62B9A600C4D878 /* LaunchScreen.storyboard in Resources */,
				5E0338D01F62BA4400C4D878 /* taithi.JPG in Resources */,
				5E0338CF1F62BA4400C4D878 /* hashio.JPG in Resources */,
				5E0338A41F62B9A600C4D878 /* Assets.xcassets in Resources */,
				5E0338A21F62B9A600C4D878 /* Main.storyboard in Resources */,
			);
			runOnlyForDeploymentPostprocessing = 0;
		};
		5E0338AB1F62B9A600C4D878 /* Resources */ = {
			isa = PBXResourcesBuildPhase;
			buildActionMask = 2147483647;
			files = (
			);
			runOnlyForDeploymentPostprocessing = 0;
		};
		5E0338B61F62B9A600C4D878 /* Resources */ = {
			isa = PBXResourcesBuildPhase;
			buildActionMask = 2147483647;
			files = (
			);
			runOnlyForDeploymentPostprocessing = 0;
		};
/* End PBXResourcesBuildPhase section */

/* Begin PBXSourcesBuildPhase section */
		5E0338951F62B9A600C4D878 /* Sources */ = {
			isa = PBXSourcesBuildPhase;
			buildActionMask = 2147483647;
			files = (
				5E0338D21F62BDEE00C4D878 /* Mentor.swift in Sources */,
				5E03389F1F62B9A600C4D878 /* ViewController.swift in Sources */,
				5E03389D1F62B9A600C4D878 /* AppDelegate.swift in Sources */,
			);
			runOnlyForDeploymentPostprocessing = 0;
		};
		5E0338A91F62B9A600C4D878 /* Sources */ = {
			isa = PBXSourcesBuildPhase;
			buildActionMask = 2147483647;
			files = (
				5E0338B21F62B9A600C4D878 /* MentorBookTests.swift in Sources */,
			);
			runOnlyForDeploymentPostprocessing = 0;
		};
		5E0338B41F62B9A600C4D878 /* Sources */ = {
			isa = PBXSourcesBuildPhase;
			buildActionMask = 2147483647;
			files = (
				5E0338BD1F62B9A600C4D878 /* MentorBookUITests.swift in Sources */,
			);
			runOnlyForDeploymentPostprocessing = 0;
		};
/* End PBXSourcesBuildPhase section */

/* Begin PBXTargetDependency section */
		5E0338AF1F62B9A600C4D878 /* PBXTargetDependency */ = {
			isa = PBXTargetDependency;
			target = 5E0338981F62B9A600C4D878 /* MentorBook */;
			targetProxy = 5E0338AE1F62B9A600C4D878 /* PBXContainerItemProxy */;
		};
		5E0338BA1F62B9A600C4D878 /* PBXTargetDependency */ = {
			isa = PBXTargetDependency;
			target = 5E0338981F62B9A600C4D878 /* MentorBook */;
			targetProxy = 5E0338B91F62B9A600C4D878 /* PBXContainerItemProxy */;
		};
/* End PBXTargetDependency section */

/* Begin PBXVariantGroup section */
		5E0338A01F62B9A600C4D878 /* Main.storyboard */ = {
			isa = PBXVariantGroup;
			children = (
				5E0338A11F62B9A600C4D878 /* Base */,
			);
			name = Main.storyboard;
			sourceTree = "<group>";
		};
		5E0338A51F62B9A600C4D878 /* LaunchScreen.storyboard */ = {
			isa = PBXVariantGroup;
			children = (
				5E0338A61F62B9A600C4D878 /* Base */,
			);
			name = LaunchScreen.storyboard;
			sourceTree = "<group>";
		};
/* End PBXVariantGroup section */

/* Begin XCBuildConfiguration section */
		5E0338BF1F62B9A600C4D878 /* Debug */ = {
			isa = XCBuildConfiguration;
			buildSettings = {
				ALWAYS_SEARCH_USER_PATHS = NO;
				CLANG_ANALYZER_NONNULL = YES;
				CLANG_CXX_LANGUAGE_STANDARD = "gnu++0x";
				CLANG_CXX_LIBRARY = "libc++";
				CLANG_ENABLE_MODULES = YES;
				CLANG_ENABLE_OBJC_ARC = YES;
				CLANG_WARN_BOOL_CONVERSION = YES;
				CLANG_WARN_CONSTANT_CONVERSION = YES;
				CLANG_WARN_DIRECT_OBJC_ISA_USAGE = YES_ERROR;
				CLANG_WARN_DOCUMENTATION_COMMENTS = YES;
				CLANG_WARN_EMPTY_BODY = YES;
				CLANG_WARN_ENUM_CONVERSION = YES;
				CLANG_WARN_INFINITE_RECURSION = YES;
				CLANG_WARN_INT_CONVERSION = YES;
				CLANG_WARN_OBJC_ROOT_CLASS = YES_ERROR;
				CLANG_WARN_SUSPICIOUS_MOVE = YES;
				CLANG_WARN_UNREACHABLE_CODE = YES;
				CLANG_WARN__DUPLICATE_METHOD_MATCH = YES;
				"CODE_SIGN_IDENTITY[sdk=iphoneos*]" = "iPhone Developer";
				COPY_PHASE_STRIP = NO;
				DEBUG_INFORMATION_FORMAT = dwarf;
				ENABLE_STRICT_OBJC_MSGSEND = YES;
				ENABLE_TESTABILITY = YES;
				GCC_C_LANGUAGE_STANDARD = gnu99;
				GCC_DYNAMIC_NO_PIC = NO;
				GCC_NO_COMMON_BLOCKS = YES;
				GCC_OPTIMIZATION_LEVEL = 0;
				GCC_PREPROCESSOR_DEFINITIONS = (
					"DEBUG=1",
					"$(inherited)",
				);
				GCC_WARN_64_TO_32_BIT_CONVERSION = YES;
				GCC_WARN_ABOUT_RETURN_TYPE = YES_ERROR;
				GCC_WARN_UNDECLARED_SELECTOR = YES;
				GCC_WARN_UNINITIALIZED_AUTOS = YES_AGGRESSIVE;
				GCC_WARN_UNUSED_FUNCTION = YES;
				GCC_WARN_UNUSED_VARIABLE = YES;
				IPHONEOS_DEPLOYMENT_TARGET = 10.2;
				MTL_ENABLE_DEBUG_INFO = YES;
				ONLY_ACTIVE_ARCH = YES;
				SDKROOT = iphoneos;
				SWIFT_ACTIVE_COMPILATION_CONDITIONS = DEBUG;
				SWIFT_OPTIMIZATION_LEVEL = "-Onone";
			};
			name = Debug;
		};
		5E0338C01F62B9A600C4D878 /* Release */ = {
			isa = XCBuildConfiguration;
			buildSettings = {
				ALWAYS_SEARCH_USER_PATHS = NO;
				CLANG_ANALYZER_NONNULL = YES;
				CLANG_CXX_LANGUAGE_STANDARD = "gnu++0x";
				CLANG_CXX_LIBRARY = "libc++";
				CLANG_ENABLE_MODULES = YES;
				CLANG_ENABLE_OBJC_ARC = YES;
				CLANG_WARN_BOOL_CONVERSION = YES;
				CLANG_WARN_CONSTANT_CONVERSION = YES;
				CLANG_WARN_DIRECT_OBJC_ISA_USAGE = YES_ERROR;
				CLANG_WARN_DOCUMENTATION_COMMENTS = YES;
				CLANG_WARN_EMPTY_BODY = YES;
				CLANG_WARN_ENUM_CONVERSION = YES;
				CLANG_WARN_INFINITE_RECURSION = YES;
				CLANG_WARN_INT_CONVERSION = YES;
				CLANG_WARN_OBJC_ROOT_CLASS = YES_ERROR;
				CLANG_WARN_SUSPICIOUS_MOVE = YES;
				CLANG_WARN_UNREACHABLE_CODE = YES;
				CLANG_WARN__DUPLICATE_METHOD_MATCH = YES;
				"CODE_SIGN_IDENTITY[sdk=iphoneos*]" = "iPhone Developer";
				COPY_PHASE_STRIP = NO;
				DEBUG_INFORMATION_FORMAT = "dwarf-with-dsym";
				ENABLE_NS_ASSERTIONS = NO;
				ENABLE_STRICT_OBJC_MSGSEND = YES;
				GCC_C_LANGUAGE_STANDARD = gnu99;
				GCC_NO_COMMON_BLOCKS = YES;
				GCC_WARN_64_TO_32_BIT_CONVERSION = YES;
				GCC_WARN_ABOUT_RETURN_TYPE = YES_ERROR;
				GCC_WARN_UNDECLARED_SELECTOR = YES;
				GCC_WARN_UNINITIALIZED_AUTOS = YES_AGGRESSIVE;
				GCC_WARN_UNUSED_FUNCTION = YES;
				GCC_WARN_UNUSED_VARIABLE = YES;
				IPHONEOS_DEPLOYMENT_TARGET = 10.2;
				MTL_ENABLE_DEBUG_INFO = NO;
				SDKROOT = iphoneos;
				SWIFT_OPTIMIZATION_LEVEL = "-Owholemodule";
				VALIDATE_PRODUCT = YES;
			};
			name = Release;
		};
		5E0338C21F62B9A600C4D878 /* Debug */ = {
			isa = XCBuildConfiguration;
			buildSettings = {
				ASSETCATALOG_COMPILER_APPICON_NAME = AppIcon;
				INFOPLIST_FILE = MentorBook/Info.plist;
				LD_RUNPATH_SEARCH_PATHS = "$(inherited) @executable_path/Frameworks";
				PRODUCT_BUNDLE_IDENTIFIER = com.litech.MentorBook;
				PRODUCT_NAME = "$(TARGET_NAME)";
				SWIFT_VERSION = 3.0;
			};
			name = Debug;
		};
		5E0338C31F62B9A600C4D878 /* Release */ = {
			isa = XCBuildConfiguration;
			buildSettings = {
				ASSETCATALOG_COMPILER_APPICON_NAME = AppIcon;
				INFOPLIST_FILE = MentorBook/Info.plist;
				LD_RUNPATH_SEARCH_PATHS = "$(inherited) @executable_path/Frameworks";
				PRODUCT_BUNDLE_IDENTIFIER = com.litech.MentorBook;
				PRODUCT_NAME = "$(TARGET_NAME)";
				SWIFT_VERSION = 3.0;
			};
			name = Release;
		};
		5E0338C51F62B9A600C4D878 /* Debug */ = {
			isa = XCBuildConfiguration;
			buildSettings = {
				ALWAYS_EMBED_SWIFT_STANDARD_LIBRARIES = YES;
				BUNDLE_LOADER = "$(TEST_HOST)";
				INFOPLIST_FILE = MentorBookTests/Info.plist;
				LD_RUNPATH_SEARCH_PATHS = "$(inherited) @executable_path/Frameworks @loader_path/Frameworks";
				PRODUCT_BUNDLE_IDENTIFIER = com.litech.MentorBookTests;
				PRODUCT_NAME = "$(TARGET_NAME)";
				SWIFT_VERSION = 3.0;
				TEST_HOST = "$(BUILT_PRODUCTS_DIR)/MentorBook.app/MentorBook";
			};
			name = Debug;
		};
		5E0338C61F62B9A600C4D878 /* Release */ = {
			isa = XCBuildConfiguration;
			buildSettings = {
				ALWAYS_EMBED_SWIFT_STANDARD_LIBRARIES = YES;
				BUNDLE_LOADER = "$(TEST_HOST)";
				INFOPLIST_FILE = MentorBookTests/Info.plist;
				LD_RUNPATH_SEARCH_PATHS = "$(inherited) @executable_path/Frameworks @loader_path/Frameworks";
				PRODUCT_BUNDLE_IDENTIFIER = com.litech.MentorBookTests;
				PRODUCT_NAME = "$(TARGET_NAME)";
				SWIFT_VERSION = 3.0;
				TEST_HOST = "$(BUILT_PRODUCTS_DIR)/MentorBook.app/MentorBook";
			};
			name = Release;
		};
		5E0338C81F62B9A600C4D878 /* Debug */ = {
			isa = XCBuildConfiguration;
			buildSettings = {
				ALWAYS_EMBED_SWIFT_STANDARD_LIBRARIES = YES;
				INFOPLIST_FILE = MentorBookUITests/Info.plist;
				LD_RUNPATH_SEARCH_PATHS = "$(inherited) @executable_path/Frameworks @loader_path/Frameworks";
				PRODUCT_BUNDLE_IDENTIFIER = com.litech.MentorBookUITests;
				PRODUCT_NAME = "$(TARGET_NAME)";
				SWIFT_VERSION = 3.0;
				TEST_TARGET_NAME = MentorBook;
			};
			name = Debug;
		};
		5E0338C91F62B9A600C4D878 /* Release */ = {
			isa = XCBuildConfiguration;
			buildSettings = {
				ALWAYS_EMBED_SWIFT_STANDARD_LIBRARIES = YES;
				INFOPLIST_FILE = MentorBookUITests/Info.plist;
				LD_RUNPATH_SEARCH_PATHS = "$(inherited) @executable_path/Frameworks @loader_path/Frameworks";
				PRODUCT_BUNDLE_IDENTIFIER = com.litech.MentorBookUITests;
				PRODUCT_NAME = "$(TARGET_NAME)";
				SWIFT_VERSION = 3.0;
				TEST_TARGET_NAME = MentorBook;
			};
			name = Release;
		};
/* End XCBuildConfiguration section */

/* Begin XCConfigurationList section */
		5E0338941F62B9A600C4D878 /* Build configuration list for PBXProject "MentorBook" */ = {
			isa = XCConfigurationList;
			buildConfigurations = (
				5E0338BF1F62B9A600C4D878 /* Debug */,
				5E0338C01F62B9A600C4D878 /* Release */,
			);
			defaultConfigurationIsVisible = 0;
			defaultConfigurationName = Release;
		};
		5E0338C11F62B9A600C4D878 /* Build configuration list for PBXNativeTarget "MentorBook" */ = {
			isa = XCConfigurationList;
			buildConfigurations = (
				5E0338C21F62B9A600C4D878 /* Debug */,
				5E0338C31F62B9A600C4D878 /* Release */,
			);
			defaultConfigurationIsVisible = 0;
		};
		5E0338C41F62B9A600C4D878 /* Build configuration list for PBXNativeTarget "MentorBookTests" */ = {
			isa = XCConfigurationList;
			buildConfigurations = (
				5E0338C51F62B9A600C4D878 /* Debug */,
				5E0338C61F62B9A600C4D878 /* Release */,
			);
			defaultConfigurationIsVisible = 0;
		};
		5E0338C71F62B9A600C4D878 /* Build configuration list for PBXNativeTarget "MentorBookUITests" */ = {
			isa = XCConfigurationList;
			buildConfigurations = (
				5E0338C81F62B9A600C4D878 /* Debug */,
				5E0338C91F62B9A600C4D878 /* Release */,
			);
			defaultConfigurationIsVisible = 0;
		};
/* End XCConfigurationList section */
	};
	rootObject = 5E0338911F62B9A600C4D878 /* Project object */;
}
